// !$*UTF8*$!
{
	archiveVersion = 1;
	classes = {
	};
	objectVersion = 56;
	objects = {

/* Begin PBXBuildFile section */
		124BFCD7014F8BBCD0EB5F6F /* Pods_Grocery_List___Munira.framework in Frameworks */ = {isa = PBXBuildFile; fileRef = 10554768295DE56C1E65DDA0 /* Pods_Grocery_List___Munira.framework */; };
		AF1EA24A296AFF7B007F3C9F /* Data.swift in Sources */ = {isa = PBXBuildFile; fileRef = AF1EA249296AFF7B007F3C9F /* Data.swift */; };
		AF1EA257296B5BD1007F3C9F /* FamilyUsersCell.swift in Sources */ = {isa = PBXBuildFile; fileRef = AF1EA256296B5BD1007F3C9F /* FamilyUsersCell.swift */; };
		AF1EA25A296C9044007F3C9F /* FirebaseAuth in Frameworks */ = {isa = PBXBuildFile; productRef = AF1EA259296C9044007F3C9F /* FirebaseAuth */; };
		AF1EA25C296C9044007F3C9F /* FirebaseDatabase in Frameworks */ = {isa = PBXBuildFile; productRef = AF1EA25B296C9044007F3C9F /* FirebaseDatabase */; };
		AF1EA25E296C9044007F3C9F /* FirebaseFirestore in Frameworks */ = {isa = PBXBuildFile; productRef = AF1EA25D296C9044007F3C9F /* FirebaseFirestore */; };
		AF32A2FA296A99C400C57B91 /* AppDelegate.swift in Sources */ = {isa = PBXBuildFile; fileRef = AF32A2F9296A99C400C57B91 /* AppDelegate.swift */; };
		AF32A2FC296A99C400C57B91 /* SceneDelegate.swift in Sources */ = {isa = PBXBuildFile; fileRef = AF32A2FB296A99C400C57B91 /* SceneDelegate.swift */; };
		AF32A2FE296A99C400C57B91 /* LoginAndSignUp.swift in Sources */ = {isa = PBXBuildFile; fileRef = AF32A2FD296A99C400C57B91 /* LoginAndSignUp.swift */; };
		AF32A301296A99C400C57B91 /* Main.storyboard in Resources */ = {isa = PBXBuildFile; fileRef = AF32A2FF296A99C400C57B91 /* Main.storyboard */; };
		AF32A303296A99C500C57B91 /* Assets.xcassets in Resources */ = {isa = PBXBuildFile; fileRef = AF32A302296A99C500C57B91 /* Assets.xcassets */; };
		AF32A306296A99C500C57B91 /* LaunchScreen.storyboard in Resources */ = {isa = PBXBuildFile; fileRef = AF32A304296A99C500C57B91 /* LaunchScreen.storyboard */; };
		AF32A30E296A9EE200C57B91 /* GroceryList.swift in Sources */ = {isa = PBXBuildFile; fileRef = AF32A30D296A9EE200C57B91 /* GroceryList.swift */; };
		AF32A310296A9F0D00C57B91 /* FamilyList.swift in Sources */ = {isa = PBXBuildFile; fileRef = AF32A30F296A9F0D00C57B91 /* FamilyList.swift */; };
		AF592DCA296AA90000D04561 /* GoogleService-Info.plist in Resources */ = {isa = PBXBuildFile; fileRef = AF592DC9296AA90000D04561 /* GoogleService-Info.plist */; };
		AF592DCC296AE51600D04561 /* GroceryListCell.swift in Sources */ = {isa = PBXBuildFile; fileRef = AF592DCB296AE51600D04561 /* GroceryListCell.swift */; };
		AFE5CC81296F081F0092C214 /* SignUp.swift in Sources */ = {isa = PBXBuildFile; fileRef = AFE5CC80296F081F0092C214 /* SignUp.swift */; };
/* End PBXBuildFile section */

/* Begin PBXFileReference section */
		10554768295DE56C1E65DDA0 /* Pods_Grocery_List___Munira.framework */ = {isa = PBXFileReference; explicitFileType = wrapper.framework; includeInIndex = 0; path = "Pods_Grocery_List___Munira.framework"; sourceTree = BUILT_PRODUCTS_DIR; };
		618B76BA13C8CEDF5E228FDF /* Pods-Grocery List - Munira.debug.xcconfig */ = {isa = PBXFileReference; includeInIndex = 1; lastKnownFileType = text.xcconfig; name = "Pods-Grocery List - Munira.debug.xcconfig"; path = "Target Support Files/Pods-Grocery List - Munira/Pods-Grocery List - Munira.debug.xcconfig"; sourceTree = "<group>"; };
		A7053C0306586307FABD82DF /* Pods-Grocery List - Munira.release.xcconfig */ = {isa = PBXFileReference; includeInIndex = 1; lastKnownFileType = text.xcconfig; name = "Pods-Grocery List - Munira.release.xcconfig"; path = "Target Support Files/Pods-Grocery List - Munira/Pods-Grocery List - Munira.release.xcconfig"; sourceTree = "<group>"; };
		AF1EA249296AFF7B007F3C9F /* Data.swift */ = {isa = PBXFileReference; lastKnownFileType = sourcecode.swift; path = Data.swift; sourceTree = "<group>"; };
		AF1EA256296B5BD1007F3C9F /* FamilyUsersCell.swift */ = {isa = PBXFileReference; lastKnownFileType = sourcecode.swift; path = FamilyUsersCell.swift; sourceTree = "<group>"; };
		AF32A2F6296A99C400C57B91 /* Grocery List - Munira.app */ = {isa = PBXFileReference; explicitFileType = wrapper.application; includeInIndex = 0; path = "Grocery List - Munira.app"; sourceTree = BUILT_PRODUCTS_DIR; };
		AF32A2F9296A99C400C57B91 /* AppDelegate.swift */ = {isa = PBXFileReference; lastKnownFileType = sourcecode.swift; path = AppDelegate.swift; sourceTree = "<group>"; };
		AF32A2FB296A99C400C57B91 /* SceneDelegate.swift */ = {isa = PBXFileReference; lastKnownFileType = sourcecode.swift; path = SceneDelegate.swift; sourceTree = "<group>"; };
		AF32A2FD296A99C400C57B91 /* LoginAndSignUp.swift */ = {isa = PBXFileReference; lastKnownFileType = sourcecode.swift; path = LoginAndSignUp.swift; sourceTree = "<group>"; };
		AF32A300296A99C400C57B91 /* Base */ = {isa = PBXFileReference; lastKnownFileType = file.storyboard; name = Base; path = Base.lproj/Main.storyboard; sourceTree = "<group>"; };
		AF32A302296A99C500C57B91 /* Assets.xcassets */ = {isa = PBXFileReference; lastKnownFileType = folder.assetcatalog; path = Assets.xcassets; sourceTree = "<group>"; };
		AF32A305296A99C500C57B91 /* Base */ = {isa = PBXFileReference; lastKnownFileType = file.storyboard; name = Base; path = Base.lproj/LaunchScreen.storyboard; sourceTree = "<group>"; };
		AF32A307296A99C500C57B91 /* Info.plist */ = {isa = PBXFileReference; lastKnownFileType = text.plist.xml; path = Info.plist; sourceTree = "<group>"; };
		AF32A30D296A9EE200C57B91 /* GroceryList.swift */ = {isa = PBXFileReference; lastKnownFileType = sourcecode.swift; path = GroceryList.swift; sourceTree = "<group>"; };
		AF32A30F296A9F0D00C57B91 /* FamilyList.swift */ = {isa = PBXFileReference; lastKnownFileType = sourcecode.swift; path = FamilyList.swift; sourceTree = "<group>"; };
		AF592DC9296AA90000D04561 /* GoogleService-Info.plist */ = {isa = PBXFileReference; fileEncoding = 4; lastKnownFileType = text.plist.xml; path = "GoogleService-Info.plist"; sourceTree = "<group>"; };
		AF592DCB296AE51600D04561 /* GroceryListCell.swift */ = {isa = PBXFileReference; lastKnownFileType = sourcecode.swift; path = GroceryListCell.swift; sourceTree = "<group>"; };
		AFE5CC7F296EE2EF0092C214 /* Grocery List - Munira.entitlements */ = {isa = PBXFileReference; lastKnownFileType = text.plist.entitlements; path = "Grocery List - Munira.entitlements"; sourceTree = "<group>"; };
		AFE5CC80296F081F0092C214 /* SignUp.swift */ = {isa = PBXFileReference; lastKnownFileType = sourcecode.swift; path = SignUp.swift; sourceTree = "<group>"; };
/* End PBXFileReference section */

/* Begin PBXFrameworksBuildPhase section */
		AF32A2F3296A99C400C57B91 /* Frameworks */ = {
			isa = PBXFrameworksBuildPhase;
			buildActionMask = 2147483647;
			files = (
				AF1EA25C296C9044007F3C9F /* FirebaseDatabase in Frameworks */,
				AF1EA25A296C9044007F3C9F /* FirebaseAuth in Frameworks */,
				AF1EA25E296C9044007F3C9F /* FirebaseFirestore in Frameworks */,
				124BFCD7014F8BBCD0EB5F6F /* Pods_Grocery_List___Munira.framework in Frameworks */,
			);
			runOnlyForDeploymentPostprocessing = 0;
		};
/* End PBXFrameworksBuildPhase section */

/* Begin PBXGroup section */
		31BBE8BC987C68388946A6D2 /* Frameworks */ = {
			isa = PBXGroup;
			children = (
				10554768295DE56C1E65DDA0 /* Pods_Grocery_List___Munira.framework */,
			);
			name = Frameworks;
			sourceTree = "<group>";
		};
		74042980192E3A9AAECE9B3D /* Pods */ = {
			isa = PBXGroup;
			children = (
				618B76BA13C8CEDF5E228FDF /* Pods-Grocery List - Munira.debug.xcconfig */,
				A7053C0306586307FABD82DF /* Pods-Grocery List - Munira.release.xcconfig */,
			);
			path = Pods;
			sourceTree = "<group>";
		};
		AF32A2ED296A99C400C57B91 = {
			isa = PBXGroup;
			children = (
				AF32A2F8296A99C400C57B91 /* Grocery List - Munira */,
				AF32A2F7296A99C400C57B91 /* Products */,
				74042980192E3A9AAECE9B3D /* Pods */,
				31BBE8BC987C68388946A6D2 /* Frameworks */,
			);
			sourceTree = "<group>";
		};
		AF32A2F7296A99C400C57B91 /* Products */ = {
			isa = PBXGroup;
			children = (
				AF32A2F6296A99C400C57B91 /* Grocery List - Munira.app */,
			);
			name = Products;
			sourceTree = "<group>";
		};
		AF32A2F8296A99C400C57B91 /* Grocery List - Munira */ = {
			isa = PBXGroup;
			children = (
				AFE5CC7F296EE2EF0092C214 /* Grocery List - Munira.entitlements */,
				AF32A318296AA1B800C57B91 /* ViewController */,
				AF32A2F9296A99C400C57B91 /* AppDelegate.swift */,
				AFD83286296F247A00A768A0 /* model */,
				AF32A2FB296A99C400C57B91 /* SceneDelegate.swift */,
				AF32A2FF296A99C400C57B91 /* Main.storyboard */,
				AFE5CC80296F081F0092C214 /* SignUp.swift */,
				AF32A302296A99C500C57B91 /* Assets.xcassets */,
				AF32A304296A99C500C57B91 /* LaunchScreen.storyboard */,
				AF592DC9296AA90000D04561 /* GoogleService-Info.plist */,
				AF32A307296A99C500C57B91 /* Info.plist */,
			);
			path = "Grocery List - Munira";
			sourceTree = "<group>";
		};
		AF32A318296AA1B800C57B91 /* ViewController */ = {
			isa = PBXGroup;
			children = (
				AF32A2FD296A99C400C57B91 /* LoginAndSignUp.swift */,
				AF32A30D296A9EE200C57B91 /* GroceryList.swift */,
				AF32A30F296A9F0D00C57B91 /* FamilyList.swift */,
				AF592DCD296AE52900D04561 /* CellController */,
			);
			path = ViewController;
			sourceTree = "<group>";
		};
		AF592DCD296AE52900D04561 /* CellController */ = {
			isa = PBXGroup;
			children = (
				AF1EA256296B5BD1007F3C9F /* FamilyUsersCell.swift */,
				AF592DCB296AE51600D04561 /* GroceryListCell.swift */,
			);
			path = CellController;
			sourceTree = "<group>";
		};
		AFD83286296F247A00A768A0 /* model */ = {
			isa = PBXGroup;
			children = (
				AF1EA249296AFF7B007F3C9F /* Data.swift */,
			);
			path = model;
			sourceTree = "<group>";
		};
/* End PBXGroup section */

/* Begin PBXNativeTarget section */
		AF32A2F5296A99C400C57B91 /* Grocery List - Munira */ = {
			isa = PBXNativeTarget;
			buildConfigurationList = AF32A30A296A99C500C57B91 /* Build configuration list for PBXNativeTarget "Grocery List - Munira" */;
			buildPhases = (
				5650CED4886E74A8430FBC48 /* [CP] Check Pods Manifest.lock */,
				AF32A2F2296A99C400C57B91 /* Sources */,
				AF32A2F3296A99C400C57B91 /* Frameworks */,
				AF32A2F4296A99C400C57B91 /* Resources */,
				BAADBAFAC53D38C47A6982C6 /* [CP] Embed Pods Frameworks */,
			);
			buildRules = (
			);
			dependencies = (
			);
			name = "Grocery List - Munira";
			packageProductDependencies = (
				AF1EA259296C9044007F3C9F /* FirebaseAuth */,
				AF1EA25B296C9044007F3C9F /* FirebaseDatabase */,
				AF1EA25D296C9044007F3C9F /* FirebaseFirestore */,
			);
			productName = "Grocery List - Munira";
			productReference = AF32A2F6296A99C400C57B91 /* Grocery List - Munira.app */;
			productType = "com.apple.product-type.application";
		};
/* End PBXNativeTarget section */

/* Begin PBXProject section */
		AF32A2EE296A99C400C57B91 /* Project object */ = {
			isa = PBXProject;
			attributes = {
				BuildIndependentTargetsInParallel = 1;
				LastSwiftUpdateCheck = 1420;
				LastUpgradeCheck = 1420;
				TargetAttributes = {
					AF32A2F5296A99C400C57B91 = {
						CreatedOnToolsVersion = 14.2;
					};
				};
			};
			buildConfigurationList = AF32A2F1296A99C400C57B91 /* Build configuration list for PBXProject "Grocery List - Munira" */;
			compatibilityVersion = "Xcode 14.0";
			developmentRegion = en;
			hasScannedForEncodings = 0;
			knownRegions = (
				en,
				Base,
			);
			mainGroup = AF32A2ED296A99C400C57B91;
			packageReferences = (
				AF1EA258296C9044007F3C9F /* XCRemoteSwiftPackageReference "firebase-ios-sdk" */,
			);
			productRefGroup = AF32A2F7296A99C400C57B91 /* Products */;
			projectDirPath = "";
			projectRoot = "";
			targets = (
				AF32A2F5296A99C400C57B91 /* Grocery List - Munira */,
			);
		};
/* End PBXProject section */

/* Begin PBXResourcesBuildPhase section */
		AF32A2F4296A99C400C57B91 /* Resources */ = {
			isa = PBXResourcesBuildPhase;
			buildActionMask = 2147483647;
			files = (
				AF32A306296A99C500C57B91 /* LaunchScreen.storyboard in Resources */,
				AF592DCA296AA90000D04561 /* GoogleService-Info.plist in Resources */,
				AF32A303296A99C500C57B91 /* Assets.xcassets in Resources */,
				AF32A301296A99C400C57B91 /* Main.storyboard in Resources */,
			);
			runOnlyForDeploymentPostprocessing = 0;
		};
/* End PBXResourcesBuildPhase section */

/* Begin PBXShellScriptBuildPhase section */
		5650CED4886E74A8430FBC48 /* [CP] Check Pods Manifest.lock */ = {
			isa = PBXShellScriptBuildPhase;
			buildActionMask = 2147483647;
			files = (
			);
			inputFileListPaths = (
			);
			inputPaths = (
				"${PODS_PODFILE_DIR_PATH}/Podfile.lock",
				"${PODS_ROOT}/Manifest.lock",
			);
			name = "[CP] Check Pods Manifest.lock";
			outputFileListPaths = (
			);
			outputPaths = (
				"$(DERIVED_FILE_DIR)/Pods-Grocery List - Munira-checkManifestLockResult.txt",
			);
			runOnlyForDeploymentPostprocessing = 0;
			shellPath = /bin/sh;
			shellScript = "diff \"${PODS_PODFILE_DIR_PATH}/Podfile.lock\" \"${PODS_ROOT}/Manifest.lock\" > /dev/null\nif [ $? != 0 ] ; then\n    # print error to STDERR\n    echo \"error: The sandbox is not in sync with the Podfile.lock. Run 'pod install' or update your CocoaPods installation.\" >&2\n    exit 1\nfi\n# This output is used by Xcode 'outputs' to avoid re-running this script phase.\necho \"SUCCESS\" > \"${SCRIPT_OUTPUT_FILE_0}\"\n";
			showEnvVarsInLog = 0;
		};
		BAADBAFAC53D38C47A6982C6 /* [CP] Embed Pods Frameworks */ = {
			isa = PBXShellScriptBuildPhase;
			buildActionMask = 2147483647;
			files = (
			);
			inputFileListPaths = (
				"${PODS_ROOT}/Target Support Files/Pods-Grocery List - Munira/Pods-Grocery List - Munira-frameworks-${CONFIGURATION}-input-files.xcfilelist",
			);
			name = "[CP] Embed Pods Frameworks";
			outputFileListPaths = (
				"${PODS_ROOT}/Target Support Files/Pods-Grocery List - Munira/Pods-Grocery List - Munira-frameworks-${CONFIGURATION}-output-files.xcfilelist",
			);
			runOnlyForDeploymentPostprocessing = 0;
			shellPath = /bin/sh;
			shellScript = "\"${PODS_ROOT}/Target Support Files/Pods-Grocery List - Munira/Pods-Grocery List - Munira-frameworks.sh\"\n";
			showEnvVarsInLog = 0;
		};
/* End PBXShellScriptBuildPhase section */

/* Begin PBXSourcesBuildPhase section */
		AF32A2F2296A99C400C57B91 /* Sources */ = {
			isa = PBXSourcesBuildPhase;
			buildActionMask = 2147483647;
			files = (
				AF32A2FE296A99C400C57B91 /* LoginAndSignUp.swift in Sources */,
				AF32A2FA296A99C400C57B91 /* AppDelegate.swift in Sources */,
				AF32A2FC296A99C400C57B91 /* SceneDelegate.swift in Sources */,
				AF32A310296A9F0D00C57B91 /* FamilyList.swift in Sources */,
				AF1EA257296B5BD1007F3C9F /* FamilyUsersCell.swift in Sources */,
				AF32A30E296A9EE200C57B91 /* GroceryList.swift in Sources */,
				AF592DCC296AE51600D04561 /* GroceryListCell.swift in Sources */,
				AF1EA24A296AFF7B007F3C9F /* Data.swift in Sources */,
				AFE5CC81296F081F0092C214 /* SignUp.swift in Sources */,
			);
			runOnlyForDeploymentPostprocessing = 0;
		};
/* End PBXSourcesBuildPhase section */

/* Begin PBXVariantGroup section */
		AF32A2FF296A99C400C57B91 /* Main.storyboard */ = {
			isa = PBXVariantGroup;
			children = (
				AF32A300296A99C400C57B91 /* Base */,
			);
			name = Main.storyboard;
			sourceTree = "<group>";
		};
		AF32A304296A99C500C57B91 /* LaunchScreen.storyboard */ = {
			isa = PBXVariantGroup;
			children = (
				AF32A305296A99C500C57B91 /* Base */,
			);
			name = LaunchScreen.storyboard;
			sourceTree = "<group>";
		};
/* End PBXVariantGroup section */

/* Begin XCBuildConfiguration section */
		AF32A308296A99C500C57B91 /* Debug */ = {
			isa = XCBuildConfiguration;
			buildSettings = {
				ALWAYS_SEARCH_USER_PATHS = NO;
				CLANG_ANALYZER_NONNULL = YES;
				CLANG_ANALYZER_NUMBER_OBJECT_CONVERSION = YES_AGGRESSIVE;
				CLANG_CXX_LANGUAGE_STANDARD = "gnu++20";
				CLANG_ENABLE_MODULES = YES;
				CLANG_ENABLE_OBJC_ARC = YES;
				CLANG_ENABLE_OBJC_WEAK = YES;
				CLANG_WARN_BLOCK_CAPTURE_AUTORELEASING = YES;
				CLANG_WARN_BOOL_CONVERSION = YES;
				CLANG_WARN_COMMA = YES;
				CLANG_WARN_CONSTANT_CONVERSION = YES;
				CLANG_WARN_DEPRECATED_OBJC_IMPLEMENTATIONS = YES;
				CLANG_WARN_DIRECT_OBJC_ISA_USAGE = YES_ERROR;
				CLANG_WARN_DOCUMENTATION_COMMENTS = YES;
				CLANG_WARN_EMPTY_BODY = YES;
				CLANG_WARN_ENUM_CONVERSION = YES;
				CLANG_WARN_INFINITE_RECURSION = YES;
				CLANG_WARN_INT_CONVERSION = YES;
				CLANG_WARN_NON_LITERAL_NULL_CONVERSION = YES;
				CLANG_WARN_OBJC_IMPLICIT_RETAIN_SELF = YES;
				CLANG_WARN_OBJC_LITERAL_CONVERSION = YES;
				CLANG_WARN_OBJC_ROOT_CLASS = YES_ERROR;
				CLANG_WARN_QUOTED_INCLUDE_IN_FRAMEWORK_HEADER = YES;
				CLANG_WARN_RANGE_LOOP_ANALYSIS = YES;
				CLANG_WARN_STRICT_PROTOTYPES = YES;
				CLANG_WARN_SUSPICIOUS_MOVE = YES;
				CLANG_WARN_UNGUARDED_AVAILABILITY = YES_AGGRESSIVE;
				CLANG_WARN_UNREACHABLE_CODE = YES;
				CLANG_WARN__DUPLICATE_METHOD_MATCH = YES;
				COPY_PHASE_STRIP = NO;
				DEBUG_INFORMATION_FORMAT = dwarf;
				ENABLE_STRICT_OBJC_MSGSEND = YES;
				ENABLE_TESTABILITY = YES;
				GCC_C_LANGUAGE_STANDARD = gnu11;
				GCC_DYNAMIC_NO_PIC = NO;
				GCC_NO_COMMON_BLOCKS = YES;
				GCC_OPTIMIZATION_LEVEL = 0;
				GCC_PREPROCESSOR_DEFINITIONS = (
					"DEBUG=1",
					"$(inherited)",
				);
				GCC_WARN_64_TO_32_BIT_CONVERSION = YES;
				GCC_WARN_ABOUT_RETURN_TYPE = YES_ERROR;
				GCC_WARN_UNDECLARED_SELECTOR = YES;
				GCC_WARN_UNINITIALIZED_AUTOS = YES_AGGRESSIVE;
				GCC_WARN_UNUSED_FUNCTION = YES;
				GCC_WARN_UNUSED_VARIABLE = YES;
				IPHONEOS_DEPLOYMENT_TARGET = 16.2;
				MTL_ENABLE_DEBUG_INFO = INCLUDE_SOURCE;
				MTL_FAST_MATH = YES;
				ONLY_ACTIVE_ARCH = YES;
				SDKROOT = iphoneos;
				SWIFT_ACTIVE_COMPILATION_CONDITIONS = DEBUG;
				SWIFT_OPTIMIZATION_LEVEL = "-Onone";
			};
			name = Debug;
		};
		AF32A309296A99C500C57B91 /* Release */ = {
			isa = XCBuildConfiguration;
			buildSettings = {
				ALWAYS_SEARCH_USER_PATHS = NO;
				CLANG_ANALYZER_NONNULL = YES;
				CLANG_ANALYZER_NUMBER_OBJECT_CONVERSION = YES_AGGRESSIVE;
				CLANG_CXX_LANGUAGE_STANDARD = "gnu++20";
				CLANG_ENABLE_MODULES = YES;
				CLANG_ENABLE_OBJC_ARC = YES;
				CLANG_ENABLE_OBJC_WEAK = YES;
				CLANG_WARN_BLOCK_CAPTURE_AUTORELEASING = YES;
				CLANG_WARN_BOOL_CONVERSION = YES;
				CLANG_WARN_COMMA = YES;
				CLANG_WARN_CONSTANT_CONVERSION = YES;
				CLANG_WARN_DEPRECATED_OBJC_IMPLEMENTATIONS = YES;
				CLANG_WARN_DIRECT_OBJC_ISA_USAGE = YES_ERROR;
				CLANG_WARN_DOCUMENTATION_COMMENTS = YES;
				CLANG_WARN_EMPTY_BODY = YES;
				CLANG_WARN_ENUM_CONVERSION = YES;
				CLANG_WARN_INFINITE_RECURSION = YES;
				CLANG_WARN_INT_CONVERSION = YES;
				CLANG_WARN_NON_LITERAL_NULL_CONVERSION = YES;
				CLANG_WARN_OBJC_IMPLICIT_RETAIN_SELF = YES;
				CLANG_WARN_OBJC_LITERAL_CONVERSION = YES;
				CLANG_WARN_OBJC_ROOT_CLASS = YES_ERROR;
				CLANG_WARN_QUOTED_INCLUDE_IN_FRAMEWORK_HEADER = YES;
				CLANG_WARN_RANGE_LOOP_ANALYSIS = YES;
				CLANG_WARN_STRICT_PROTOTYPES = YES;
				CLANG_WARN_SUSPICIOUS_MOVE = YES;
				CLANG_WARN_UNGUARDED_AVAILABILITY = YES_AGGRESSIVE;
				CLANG_WARN_UNREACHABLE_CODE = YES;
				CLANG_WARN__DUPLICATE_METHOD_MATCH = YES;
				COPY_PHASE_STRIP = NO;
				DEBUG_INFORMATION_FORMAT = "dwarf-with-dsym";
				ENABLE_NS_ASSERTIONS = NO;
				ENABLE_STRICT_OBJC_MSGSEND = YES;
				GCC_C_LANGUAGE_STANDARD = gnu11;
				GCC_NO_COMMON_BLOCKS = YES;
				GCC_WARN_64_TO_32_BIT_CONVERSION = YES;
				GCC_WARN_ABOUT_RETURN_TYPE = YES_ERROR;
				GCC_WARN_UNDECLARED_SELECTOR = YES;
				GCC_WARN_UNINITIALIZED_AUTOS = YES_AGGRESSIVE;
				GCC_WARN_UNUSED_FUNCTION = YES;
				GCC_WARN_UNUSED_VARIABLE = YES;
				IPHONEOS_DEPLOYMENT_TARGET = 16.2;
				MTL_ENABLE_DEBUG_INFO = NO;
				MTL_FAST_MATH = YES;
				SDKROOT = iphoneos;
				SWIFT_COMPILATION_MODE = wholemodule;
				SWIFT_OPTIMIZATION_LEVEL = "-O";
				VALIDATE_PRODUCT = YES;
			};
			name = Release;
		};
		AF32A30B296A99C500C57B91 /* Debug */ = {
			isa = XCBuildConfiguration;
			baseConfigurationReference = 618B76BA13C8CEDF5E228FDF /* Pods-Grocery List - Munira.debug.xcconfig */;
			buildSettings = {
				ASSETCATALOG_COMPILER_APPICON_NAME = AppIcon;
				ASSETCATALOG_COMPILER_GLOBAL_ACCENT_COLOR_NAME = AccentColor;
				CODE_SIGN_ENTITLEMENTS = "Grocery List - Munira/Grocery List - Munira.entitlements";
				CODE_SIGN_STYLE = Automatic;
				CURRENT_PROJECT_VERSION = 1;
				DEVELOPMENT_TEAM = "";
				GENERATE_INFOPLIST_FILE = YES;
				INFOPLIST_FILE = "Grocery List - Munira/Info.plist";
				INFOPLIST_KEY_UIApplicationSupportsIndirectInputEvents = YES;
				INFOPLIST_KEY_UILaunchStoryboardName = LaunchScreen;
				INFOPLIST_KEY_UIMainStoryboardFile = Main;
				INFOPLIST_KEY_UISupportedInterfaceOrientations_iPad = "UIInterfaceOrientationPortrait UIInterfaceOrientationPortraitUpsideDown UIInterfaceOrientationLandscapeLeft UIInterfaceOrientationLandscapeRight";
				INFOPLIST_KEY_UISupportedInterfaceOrientations_iPhone = "UIInterfaceOrientationPortrait UIInterfaceOrientationLandscapeLeft UIInterfaceOrientationLandscapeRight";
				IPHONEOS_DEPLOYMENT_TARGET = 16.0;
				LD_RUNPATH_SEARCH_PATHS = (
					"$(inherited)",
					"@executable_path/Frameworks",
				);
				MARKETING_VERSION = 1.0;
				PRODUCT_BUNDLE_IDENTIFIER = "Munira.Grocery-List---Munira";
				PRODUCT_NAME = "$(TARGET_NAME)";
				SWIFT_EMIT_LOC_STRINGS = YES;
				SWIFT_VERSION = 5.0;
				TARGETED_DEVICE_FAMILY = "1,2";
			};
			name = Debug;
		};
		AF32A30C296A99C500C57B91 /* Release */ = {
			isa = XCBuildConfiguration;
			baseConfigurationReference = A7053C0306586307FABD82DF /* Pods-Grocery List - Munira.release.xcconfig */;
			buildSettings = {
				ASSETCATALOG_COMPILER_APPICON_NAME = AppIcon;
				ASSETCATALOG_COMPILER_GLOBAL_ACCENT_COLOR_NAME = AccentColor;
				CODE_SIGN_ENTITLEMENTS = "Grocery List - Munira/Grocery List - Munira.entitlements";
				CODE_SIGN_STYLE = Automatic;
				CURRENT_PROJECT_VERSION = 1;
				DEVELOPMENT_TEAM = "";
				GENERATE_INFOPLIST_FILE = YES;
				INFOPLIST_FILE = "Grocery List - Munira/Info.plist";
				INFOPLIST_KEY_UIApplicationSupportsIndirectInputEvents = YES;
				INFOPLIST_KEY_UILaunchStoryboardName = LaunchScreen;
				INFOPLIST_KEY_UIMainStoryboardFile = Main;
				INFOPLIST_KEY_UISupportedInterfaceOrientations_iPad = "UIInterfaceOrientationPortrait UIInterfaceOrientationPortraitUpsideDown UIInterfaceOrientationLandscapeLeft UIInterfaceOrientationLandscapeRight";
				INFOPLIST_KEY_UISupportedInterfaceOrientations_iPhone = "UIInterfaceOrientationPortrait UIInterfaceOrientationLandscapeLeft UIInterfaceOrientationLandscapeRight";
				IPHONEOS_DEPLOYMENT_TARGET = 16.0;
				LD_RUNPATH_SEARCH_PATHS = (
					"$(inherited)",
					"@executable_path/Frameworks",
				);
				MARKETING_VERSION = 1.0;
				PRODUCT_BUNDLE_IDENTIFIER = "Munira.Grocery-List---Munira";
				PRODUCT_NAME = "$(TARGET_NAME)";
				SWIFT_EMIT_LOC_STRINGS = YES;
				SWIFT_VERSION = 5.0;
				TARGETED_DEVICE_FAMILY = "1,2";
			};
			name = Release;
		};
/* End XCBuildConfiguration section */

/* Begin XCConfigurationList section */
		AF32A2F1296A99C400C57B91 /* Build configuration list for PBXProject "Grocery List - Munira" */ = {
			isa = XCConfigurationList;
			buildConfigurations = (
				AF32A308296A99C500C57B91 /* Debug */,
				AF32A309296A99C500C57B91 /* Release */,
			);
			defaultConfigurationIsVisible = 0;
			defaultConfigurationName = Release;
		};
		AF32A30A296A99C500C57B91 /* Build configuration list for PBXNativeTarget "Grocery List - Munira" */ = {
			isa = XCConfigurationList;
			buildConfigurations = (
				AF32A30B296A99C500C57B91 /* Debug */,
				AF32A30C296A99C500C57B91 /* Release */,
			);
			defaultConfigurationIsVisible = 0;
			defaultConfigurationName = Release;
		};
/* End XCConfigurationList section */

/* Begin XCRemoteSwiftPackageReference section */
		AF1EA258296C9044007F3C9F /* XCRemoteSwiftPackageReference "firebase-ios-sdk" */ = {
			isa = XCRemoteSwiftPackageReference;
			repositoryURL = "https://github.com/firebase/firebase-ios-sdk";
			requirement = {
				kind = exactVersion;
				version = 9.6.0;
			};
		};
/* End XCRemoteSwiftPackageReference section */

/* Begin XCSwiftPackageProductDependency section */
		AF1EA259296C9044007F3C9F /* FirebaseAuth */ = {
			isa = XCSwiftPackageProductDependency;
			package = AF1EA258296C9044007F3C9F /* XCRemoteSwiftPackageReference "firebase-ios-sdk" */;
			productName = FirebaseAuth;
		};
		AF1EA25B296C9044007F3C9F /* FirebaseDatabase */ = {
			isa = XCSwiftPackageProductDependency;
			package = AF1EA258296C9044007F3C9F /* XCRemoteSwiftPackageReference "firebase-ios-sdk" */;
			productName = FirebaseDatabase;
		};
		AF1EA25D296C9044007F3C9F /* FirebaseFirestore */ = {
			isa = XCSwiftPackageProductDependency;
			package = AF1EA258296C9044007F3C9F /* XCRemoteSwiftPackageReference "firebase-ios-sdk" */;
			productName = FirebaseFirestore;
		};
/* End XCSwiftPackageProductDependency section */
	};
	rootObject = AF32A2EE296A99C400C57B91 /* Project object */;
}
